
Microsoft Visual Studio Solution File, Format Version 12.00
# Visual Studio Version 17
VisualStudioVersion = 17.9.34526.213
MinimumVisualStudioVersion = 10.0.40219.1
Project("{F184B08F-C81C-45F6-A57F-5ABD9991F28F}") = "ACT_LogReg_SRN", "ACT_LogReg_SRN\ACT_LogReg_SRN.vbproj", "{C45BB38F-4E7F-452D-A513-924BFCC0F80E}"
EndProject
Global
	GlobalSection(SolutionConfigurationPlatforms) = preSolution
		Debug|Any CPU = Debug|Any CPU
		Release|Any CPU = Release|Any CPU
	EndGlobalSection
	GlobalSection(ProjectConfigurationPlatforms) = postSolution
		{C45BB38F-4E7F-452D-A513-924BFCC0F80E}.Debug|Any CPU.ActiveCfg = Debug|Any CPU
		{C45BB38F-4E7F-452D-A513-924BFCC0F80E}.Debug|Any CPU.Build.0 = Debug|Any CPU
		{C45BB38F-4E7F-452D-A513-924BFCC0F80E}.Release|Any CPU.ActiveCfg = Release|Any CPU
		{C45BB38F-4E7F-452D-A513-924BFCC0F80E}.Release|Any CPU.Build.0 = Release|Any CPU
	EndGlobalSection
	GlobalSection(SolutionProperties) = preSolution
		HideSolutionNode = FALSE
	EndGlobalSection
	GlobalSection(ExtensibilityGlobals) = postSolution
		SolutionGuid = {6F33B37E-6AE0-4E6C-8C54-EAC230C463E4}
	EndGlobalSection
EndGlobal
